
Microsoft Visual Studio Solution File, Format Version 12.00
# Visual Studio 2013
VisualStudioVersion = 12.0.30723.0
MinimumVisualStudioVersion = 10.0.40219.1
Project("{CC5FD16D-436D-48AD-A40C-5A424C6E3E79}") = "AzureCustomerServices", "AzureCustomerServices\AzureCustomerServices.ccproj", "{64F36373-2159-46CD-BC2A-E894CF05367C}"
	ProjectSection(ProjectDependencies) = postProject
		{2DF047B0-A919-4FB5-92AE-07CA52348074} = {2DF047B0-A919-4FB5-92AE-07CA52348074}
	EndProjectSection
EndProject
Project("{FAE04EC0-301F-11D3-BF4B-00C04F79EFBC}") = "CustomerServicesWebRole", "CustomerServicesWebRole\CustomerServicesWebRole.csproj", "{2DF047B0-A919-4FB5-92AE-07CA52348074}"
EndProject
Project("{FAE04EC0-301F-11D3-BF4B-00C04F79EFBC}") = "TestService", "TestService\TestService\TestService.csproj", "{2D3B6029-F679-4550-A271-717EE7AC1706}"
	ProjectSection(ProjectDependencies) = postProject
		{2DF047B0-A919-4FB5-92AE-07CA52348074} = {2DF047B0-A919-4FB5-92AE-07CA52348074}
	EndProjectSection
EndProject
Global
	GlobalSection(SolutionConfigurationPlatforms) = preSolution
		Debug|Any CPU = Debug|Any CPU
		Debug|Mixed Platforms = Debug|Mixed Platforms
		Debug|x86 = Debug|x86
		Release|Any CPU = Release|Any CPU
		Release|Mixed Platforms = Release|Mixed Platforms
		Release|x86 = Release|x86
	EndGlobalSection
	GlobalSection(ProjectConfigurationPlatforms) = postSolution
		{64F36373-2159-46CD-BC2A-E894CF05367C}.Debug|Any CPU.ActiveCfg = Debug|Any CPU
		{64F36373-2159-46CD-BC2A-E894CF05367C}.Debug|Any CPU.Build.0 = Debug|Any CPU
		{64F36373-2159-46CD-BC2A-E894CF05367C}.Debug|Mixed Platforms.ActiveCfg = Debug|Any CPU
		{64F36373-2159-46CD-BC2A-E894CF05367C}.Debug|Mixed Platforms.Build.0 = Debug|Any CPU
		{64F36373-2159-46CD-BC2A-E894CF05367C}.Debug|x86.ActiveCfg = Debug|Any CPU
		{64F36373-2159-46CD-BC2A-E894CF05367C}.Release|Any CPU.ActiveCfg = Release|Any CPU
		{64F36373-2159-46CD-BC2A-E894CF05367C}.Release|Any CPU.Build.0 = Release|Any CPU
		{64F36373-2159-46CD-BC2A-E894CF05367C}.Release|Mixed Platforms.ActiveCfg = Release|Any CPU
		{64F36373-2159-46CD-BC2A-E894CF05367C}.Release|Mixed Platforms.Build.0 = Release|Any CPU
		{64F36373-2159-46CD-BC2A-E894CF05367C}.Release|x86.ActiveCfg = Release|Any CPU
		{2DF047B0-A919-4FB5-92AE-07CA52348074}.Debug|Any CPU.ActiveCfg = Debug|Any CPU
		{2DF047B0-A919-4FB5-92AE-07CA52348074}.Debug|Any CPU.Build.0 = Debug|Any CPU
		{2DF047B0-A919-4FB5-92AE-07CA52348074}.Debug|Mixed Platforms.ActiveCfg = Debug|Any CPU
		{2DF047B0-A919-4FB5-92AE-07CA52348074}.Debug|Mixed Platforms.Build.0 = Debug|Any CPU
		{2DF047B0-A919-4FB5-92AE-07CA52348074}.Debug|x86.ActiveCfg = Debug|Any CPU
		{2DF047B0-A919-4FB5-92AE-07CA52348074}.Release|Any CPU.ActiveCfg = Release|Any CPU
		{2DF047B0-A919-4FB5-92AE-07CA52348074}.Release|Any CPU.Build.0 = Release|Any CPU
		{2DF047B0-A919-4FB5-92AE-07CA52348074}.Release|Mixed Platforms.ActiveCfg = Release|Any CPU
		{2DF047B0-A919-4FB5-92AE-07CA52348074}.Release|Mixed Platforms.Build.0 = Release|Any CPU
		{2DF047B0-A919-4FB5-92AE-07CA52348074}.Release|x86.ActiveCfg = Release|Any CPU
		{2D3B6029-F679-4550-A271-717EE7AC1706}.Debug|Any CPU.ActiveCfg = Debug|x86
		{2D3B6029-F679-4550-A271-717EE7AC1706}.Debug|Any CPU.Build.0 = Debug|x86
		{2D3B6029-F679-4550-A271-717EE7AC1706}.Debug|Mixed Platforms.ActiveCfg = Debug|x86
		{2D3B6029-F679-4550-A271-717EE7AC1706}.Debug|Mixed Platforms.Build.0 = Debug|x86
		{2D3B6029-F679-4550-A271-717EE7AC1706}.Debug|x86.ActiveCfg = Debug|x86
		{2D3B6029-F679-4550-A271-717EE7AC1706}.Debug|x86.Build.0 = Debug|x86
		{2D3B6029-F679-4550-A271-717EE7AC1706}.Release|Any CPU.ActiveCfg = Release|x86
		{2D3B6029-F679-4550-A271-717EE7AC1706}.Release|Mixed Platforms.ActiveCfg = Release|x86
		{2D3B6029-F679-4550-A271-717EE7AC1706}.Release|Mixed Platforms.Build.0 = Release|x86
		{2D3B6029-F679-4550-A271-717EE7AC1706}.Release|x86.ActiveCfg = Release|x86
		{2D3B6029-F679-4550-A271-717EE7AC1706}.Release|x86.Build.0 = Release|x86
	EndGlobalSection
	GlobalSection(SolutionProperties) = preSolution
		HideSolutionNode = FALSE
	EndGlobalSection
EndGlobal
