
Microsoft Visual Studio Solution File, Format Version 12.00
# Visual Studio 2013
VisualStudioVersion = 12.0.30501.0
MinimumVisualStudioVersion = 10.0.40219.1
Project("{FAE04EC0-301F-11D3-BF4B-00C04F79EFBC}") = "MusicVideoPlayer", "VideoPlayer\MusicVideoPlayer.csproj", "{CF1CD0D5-BF6B-457A-9927-8079FC667CA4}"
	ProjectSection(ProjectDependencies) = postProject
		{371B9FA9-4C90-4AC6-A123-ACED756D6C77} = {371B9FA9-4C90-4AC6-A123-ACED756D6C77}
	EndProjectSection
EndProject
Project("{8BC9CEB8-8B4A-11D0-8D11-00A0C91BC942}") = "ImageExtractor", "GifGenerator\WindowsRuntimeComponent1.vcxproj", "{946EB4CB-35B3-424A-BB21-7DBB1222CBE0}"
EndProject
Project("{8BC9CEB8-8B4A-11D0-8D11-00A0C91BC942}") = "DirectXTex", "DirectXTex\DirectXTex\DirectXTex_Windows81.vcxproj", "{371B9FA9-4C90-4AC6-A123-ACED756D6C77}"
EndProject
Project("{FAE04EC0-301F-11D3-BF4B-00C04F79EFBC}") = "Logging", "Logging\Logging.csproj", "{EA13AB51-59C3-478E-82A3-53C9E97FACFE}"
EndProject
Project("{FAE04EC0-301F-11D3-BF4B-00C04F79EFBC}") = "ApplicationConfiguration", "ApplicationConfiguration\ApplicationConfiguration.csproj", "{0E151B90-1A17-4EB3-957E-58541B974F22}"
EndProject
Project("{FAE04EC0-301F-11D3-BF4B-00C04F79EFBC}") = "AnimationLibrary", "AnimationLibrary\AnimationLibrary.csproj", "{4D2992D0-409E-4E1F-8B75-1657D7124BB3}"
EndProject
Project("{FAE04EC0-301F-11D3-BF4B-00C04F79EFBC}") = "GifMaker", "GifMaker\GifMaker.csproj", "{BB9E4527-815E-4B15-9F00-673E8CDA0072}"
EndProject
Project("{FAE04EC0-301F-11D3-BF4B-00C04F79EFBC}") = "AnimationGenerator", "AnimationGenerator\AnimationGenerator.csproj", "{5A95BF66-E15C-498B-8649-CE74A3A25957}"
EndProject
Project("{FAE04EC0-301F-11D3-BF4B-00C04F79EFBC}") = "VideoFolders", "VideoFolders2\VideoFolders.csproj", "{9437B351-7B81-46BD-9868-56D228BDBE4B}"
EndProject
Project("{2150E333-8FDC-42A3-9474-1A3956D46DE8}") = "Solution Items", "Solution Items", "{2BB64014-35C7-4796-8651-579318E37755}"
	ProjectSection(SolutionItems) = preProject
		DirectXTex\ReadMe.txt = DirectXTex\ReadMe.txt
	EndProjectSection
EndProject
Project("{2150E333-8FDC-42A3-9474-1A3956D46DE8}") = "Libraries", "Libraries", "{24A571EB-1EF0-49E9-8F79-60E0AC5EA9A6}"
EndProject
Global
	GlobalSection(TeamFoundationVersionControl) = preSolution
		SccNumberOfProjects = 10
		SccEnterpriseProvider = {4CA58AB2-18FA-4F8D-95D4-32DDF27D184C}
		SccTeamFoundationServer = https://amanpervaiz.visualstudio.com/defaultcollection
		SccLocalPath0 = .
		SccProjectUniqueName1 = AnimationGenerator\\AnimationGenerator.csproj
		SccProjectName1 = AnimationGenerator
		SccLocalPath1 = AnimationGenerator
		SccProjectUniqueName2 = AnimationLibrary\\AnimationLibrary.csproj
		SccProjectName2 = AnimationLibrary
		SccLocalPath2 = AnimationLibrary
		SccProjectUniqueName3 = ApplicationConfiguration\\ApplicationConfiguration.csproj
		SccProjectName3 = ApplicationConfiguration
		SccLocalPath3 = ApplicationConfiguration
		SccProjectUniqueName4 = DirectXTex\\DirectXTex\\DirectXTex_Windows81.vcxproj
		SccProjectName4 = DirectXTex/DirectXTex
		SccLocalPath4 = DirectXTex\\DirectXTex
		SccProjectUniqueName5 = GifGenerator\\WindowsRuntimeComponent1.vcxproj
		SccProjectName5 = GifGenerator
		SccLocalPath5 = GifGenerator
		SccProjectUniqueName6 = GifMaker\\GifMaker.csproj
		SccProjectName6 = GifMaker
		SccLocalPath6 = GifMaker
		SccProjectUniqueName7 = Logging\\Logging.csproj
		SccProjectName7 = Logging
		SccLocalPath7 = Logging
		SccProjectUniqueName8 = VideoFolders2\\VideoFolders.csproj
		SccProjectName8 = VideoFolders2
		SccLocalPath8 = VideoFolders2
		SccProjectUniqueName9 = VideoPlayer\\MusicVideoPlayer.csproj
		SccProjectName9 = VideoPlayer
		SccLocalPath9 = VideoPlayer
	EndGlobalSection
	GlobalSection(SolutionConfigurationPlatforms) = preSolution
		Debug|Any CPU = Debug|Any CPU
		Debug|ARM = Debug|ARM
		Debug|Mixed Platforms = Debug|Mixed Platforms
		Debug|Win32 = Debug|Win32
		Debug|x64 = Debug|x64
		Debug|x86 = Debug|x86
		Profile|Any CPU = Profile|Any CPU
		Profile|ARM = Profile|ARM
		Profile|Mixed Platforms = Profile|Mixed Platforms
		Profile|Win32 = Profile|Win32
		Profile|x64 = Profile|x64
		Profile|x86 = Profile|x86
		Release|Any CPU = Release|Any CPU
		Release|ARM = Release|ARM
		Release|Mixed Platforms = Release|Mixed Platforms
		Release|Win32 = Release|Win32
		Release|x64 = Release|x64
		Release|x86 = Release|x86
	EndGlobalSection
	GlobalSection(ProjectConfigurationPlatforms) = postSolution
		{CF1CD0D5-BF6B-457A-9927-8079FC667CA4}.Debug|Any CPU.ActiveCfg = Debug|x64
		{CF1CD0D5-BF6B-457A-9927-8079FC667CA4}.Debug|ARM.ActiveCfg = Debug|x64
		{CF1CD0D5-BF6B-457A-9927-8079FC667CA4}.Debug|Mixed Platforms.ActiveCfg = Debug|x64
		{CF1CD0D5-BF6B-457A-9927-8079FC667CA4}.Debug|Mixed Platforms.Build.0 = Debug|x64
		{CF1CD0D5-BF6B-457A-9927-8079FC667CA4}.Debug|Mixed Platforms.Deploy.0 = Debug|x64
		{CF1CD0D5-BF6B-457A-9927-8079FC667CA4}.Debug|Win32.ActiveCfg = Debug|x64
		{CF1CD0D5-BF6B-457A-9927-8079FC667CA4}.Debug|x64.ActiveCfg = Debug|x64
		{CF1CD0D5-BF6B-457A-9927-8079FC667CA4}.Debug|x64.Build.0 = Debug|x64
		{CF1CD0D5-BF6B-457A-9927-8079FC667CA4}.Debug|x64.Deploy.0 = Debug|x64
		{CF1CD0D5-BF6B-457A-9927-8079FC667CA4}.Debug|x86.ActiveCfg = Debug|x64
		{CF1CD0D5-BF6B-457A-9927-8079FC667CA4}.Profile|Any CPU.ActiveCfg = Release|x64
		{CF1CD0D5-BF6B-457A-9927-8079FC667CA4}.Profile|ARM.ActiveCfg = Release|x64
		{CF1CD0D5-BF6B-457A-9927-8079FC667CA4}.Profile|Mixed Platforms.ActiveCfg = Release|x64
		{CF1CD0D5-BF6B-457A-9927-8079FC667CA4}.Profile|Mixed Platforms.Build.0 = Release|x64
		{CF1CD0D5-BF6B-457A-9927-8079FC667CA4}.Profile|Mixed Platforms.Deploy.0 = Release|x64
		{CF1CD0D5-BF6B-457A-9927-8079FC667CA4}.Profile|Win32.ActiveCfg = Release|x64
		{CF1CD0D5-BF6B-457A-9927-8079FC667CA4}.Profile|x64.ActiveCfg = Release|x64
		{CF1CD0D5-BF6B-457A-9927-8079FC667CA4}.Profile|x64.Build.0 = Release|x64
		{CF1CD0D5-BF6B-457A-9927-8079FC667CA4}.Profile|x64.Deploy.0 = Release|x64
		{CF1CD0D5-BF6B-457A-9927-8079FC667CA4}.Profile|x86.ActiveCfg = Release|x64
		{CF1CD0D5-BF6B-457A-9927-8079FC667CA4}.Release|Any CPU.ActiveCfg = Release|x64
		{CF1CD0D5-BF6B-457A-9927-8079FC667CA4}.Release|ARM.ActiveCfg = Release|x64
		{CF1CD0D5-BF6B-457A-9927-8079FC667CA4}.Release|Mixed Platforms.ActiveCfg = Release|x64
		{CF1CD0D5-BF6B-457A-9927-8079FC667CA4}.Release|Mixed Platforms.Build.0 = Release|x64
		{CF1CD0D5-BF6B-457A-9927-8079FC667CA4}.Release|Mixed Platforms.Deploy.0 = Release|x64
		{CF1CD0D5-BF6B-457A-9927-8079FC667CA4}.Release|Win32.ActiveCfg = Release|x64
		{CF1CD0D5-BF6B-457A-9927-8079FC667CA4}.Release|x64.ActiveCfg = Release|x64
		{CF1CD0D5-BF6B-457A-9927-8079FC667CA4}.Release|x64.Build.0 = Release|x64
		{CF1CD0D5-BF6B-457A-9927-8079FC667CA4}.Release|x64.Deploy.0 = Release|x64
		{CF1CD0D5-BF6B-457A-9927-8079FC667CA4}.Release|x86.ActiveCfg = Release|x64
		{946EB4CB-35B3-424A-BB21-7DBB1222CBE0}.Debug|Any CPU.ActiveCfg = Debug|Win32
		{946EB4CB-35B3-424A-BB21-7DBB1222CBE0}.Debug|ARM.ActiveCfg = Debug|ARM
		{946EB4CB-35B3-424A-BB21-7DBB1222CBE0}.Debug|ARM.Build.0 = Debug|ARM
		{946EB4CB-35B3-424A-BB21-7DBB1222CBE0}.Debug|Mixed Platforms.ActiveCfg = Debug|x64
		{946EB4CB-35B3-424A-BB21-7DBB1222CBE0}.Debug|Mixed Platforms.Build.0 = Debug|x64
		{946EB4CB-35B3-424A-BB21-7DBB1222CBE0}.Debug|Win32.ActiveCfg = Debug|Win32
		{946EB4CB-35B3-424A-BB21-7DBB1222CBE0}.Debug|Win32.Build.0 = Debug|Win32
		{946EB4CB-35B3-424A-BB21-7DBB1222CBE0}.Debug|x64.ActiveCfg = Debug|x64
		{946EB4CB-35B3-424A-BB21-7DBB1222CBE0}.Debug|x64.Build.0 = Debug|x64
		{946EB4CB-35B3-424A-BB21-7DBB1222CBE0}.Debug|x86.ActiveCfg = Debug|Win32
		{946EB4CB-35B3-424A-BB21-7DBB1222CBE0}.Debug|x86.Build.0 = Debug|Win32
		{946EB4CB-35B3-424A-BB21-7DBB1222CBE0}.Profile|Any CPU.ActiveCfg = Release|Win32
		{946EB4CB-35B3-424A-BB21-7DBB1222CBE0}.Profile|ARM.ActiveCfg = Release|ARM
		{946EB4CB-35B3-424A-BB21-7DBB1222CBE0}.Profile|ARM.Build.0 = Release|ARM
		{946EB4CB-35B3-424A-BB21-7DBB1222CBE0}.Profile|Mixed Platforms.ActiveCfg = Release|Win32
		{946EB4CB-35B3-424A-BB21-7DBB1222CBE0}.Profile|Mixed Platforms.Build.0 = Release|Win32
		{946EB4CB-35B3-424A-BB21-7DBB1222CBE0}.Profile|Win32.ActiveCfg = Release|Win32
		{946EB4CB-35B3-424A-BB21-7DBB1222CBE0}.Profile|Win32.Build.0 = Release|Win32
		{946EB4CB-35B3-424A-BB21-7DBB1222CBE0}.Profile|x64.ActiveCfg = Release|x64
		{946EB4CB-35B3-424A-BB21-7DBB1222CBE0}.Profile|x64.Build.0 = Release|x64
		{946EB4CB-35B3-424A-BB21-7DBB1222CBE0}.Profile|x86.ActiveCfg = Release|Win32
		{946EB4CB-35B3-424A-BB21-7DBB1222CBE0}.Profile|x86.Build.0 = Release|Win32
		{946EB4CB-35B3-424A-BB21-7DBB1222CBE0}.Release|Any CPU.ActiveCfg = Release|Win32
		{946EB4CB-35B3-424A-BB21-7DBB1222CBE0}.Release|ARM.ActiveCfg = Release|ARM
		{946EB4CB-35B3-424A-BB21-7DBB1222CBE0}.Release|ARM.Build.0 = Release|ARM
		{946EB4CB-35B3-424A-BB21-7DBB1222CBE0}.Release|Mixed Platforms.ActiveCfg = Release|Win32
		{946EB4CB-35B3-424A-BB21-7DBB1222CBE0}.Release|Mixed Platforms.Build.0 = Release|Win32
		{946EB4CB-35B3-424A-BB21-7DBB1222CBE0}.Release|Win32.ActiveCfg = Release|Win32
		{946EB4CB-35B3-424A-BB21-7DBB1222CBE0}.Release|Win32.Build.0 = Release|Win32
		{946EB4CB-35B3-424A-BB21-7DBB1222CBE0}.Release|x64.ActiveCfg = Release|x64
		{946EB4CB-35B3-424A-BB21-7DBB1222CBE0}.Release|x64.Build.0 = Release|x64
		{946EB4CB-35B3-424A-BB21-7DBB1222CBE0}.Release|x86.ActiveCfg = Release|Win32
		{946EB4CB-35B3-424A-BB21-7DBB1222CBE0}.Release|x86.Build.0 = Release|Win32
		{371B9FA9-4C90-4AC6-A123-ACED756D6C77}.Debug|Any CPU.ActiveCfg = Debug|Win32
		{371B9FA9-4C90-4AC6-A123-ACED756D6C77}.Debug|ARM.ActiveCfg = Debug|ARM
		{371B9FA9-4C90-4AC6-A123-ACED756D6C77}.Debug|ARM.Build.0 = Debug|ARM
		{371B9FA9-4C90-4AC6-A123-ACED756D6C77}.Debug|Mixed Platforms.ActiveCfg = Debug|x64
		{371B9FA9-4C90-4AC6-A123-ACED756D6C77}.Debug|Mixed Platforms.Build.0 = Debug|x64
		{371B9FA9-4C90-4AC6-A123-ACED756D6C77}.Debug|Win32.ActiveCfg = Debug|Win32
		{371B9FA9-4C90-4AC6-A123-ACED756D6C77}.Debug|Win32.Build.0 = Debug|Win32
		{371B9FA9-4C90-4AC6-A123-ACED756D6C77}.Debug|x64.ActiveCfg = Debug|x64
		{371B9FA9-4C90-4AC6-A123-ACED756D6C77}.Debug|x64.Build.0 = Debug|x64
		{371B9FA9-4C90-4AC6-A123-ACED756D6C77}.Debug|x86.ActiveCfg = Debug|Win32
		{371B9FA9-4C90-4AC6-A123-ACED756D6C77}.Debug|x86.Build.0 = Debug|Win32
		{371B9FA9-4C90-4AC6-A123-ACED756D6C77}.Profile|Any CPU.ActiveCfg = Profile|Win32
		{371B9FA9-4C90-4AC6-A123-ACED756D6C77}.Profile|ARM.ActiveCfg = Profile|ARM
		{371B9FA9-4C90-4AC6-A123-ACED756D6C77}.Profile|ARM.Build.0 = Profile|ARM
		{371B9FA9-4C90-4AC6-A123-ACED756D6C77}.Profile|Mixed Platforms.ActiveCfg = Profile|Win32
		{371B9FA9-4C90-4AC6-A123-ACED756D6C77}.Profile|Mixed Platforms.Build.0 = Profile|Win32
		{371B9FA9-4C90-4AC6-A123-ACED756D6C77}.Profile|Win32.ActiveCfg = Profile|Win32
		{371B9FA9-4C90-4AC6-A123-ACED756D6C77}.Profile|Win32.Build.0 = Profile|Win32
		{371B9FA9-4C90-4AC6-A123-ACED756D6C77}.Profile|x64.ActiveCfg = Profile|x64
		{371B9FA9-4C90-4AC6-A123-ACED756D6C77}.Profile|x64.Build.0 = Profile|x64
		{371B9FA9-4C90-4AC6-A123-ACED756D6C77}.Profile|x86.ActiveCfg = Profile|Win32
		{371B9FA9-4C90-4AC6-A123-ACED756D6C77}.Profile|x86.Build.0 = Profile|Win32
		{371B9FA9-4C90-4AC6-A123-ACED756D6C77}.Release|Any CPU.ActiveCfg = Release|Win32
		{371B9FA9-4C90-4AC6-A123-ACED756D6C77}.Release|ARM.ActiveCfg = Release|ARM
		{371B9FA9-4C90-4AC6-A123-ACED756D6C77}.Release|ARM.Build.0 = Release|ARM
		{371B9FA9-4C90-4AC6-A123-ACED756D6C77}.Release|Mixed Platforms.ActiveCfg = Release|Win32
		{371B9FA9-4C90-4AC6-A123-ACED756D6C77}.Release|Mixed Platforms.Build.0 = Release|Win32
		{371B9FA9-4C90-4AC6-A123-ACED756D6C77}.Release|Win32.ActiveCfg = Release|Win32
		{371B9FA9-4C90-4AC6-A123-ACED756D6C77}.Release|Win32.Build.0 = Release|Win32
		{371B9FA9-4C90-4AC6-A123-ACED756D6C77}.Release|x64.ActiveCfg = Release|x64
		{371B9FA9-4C90-4AC6-A123-ACED756D6C77}.Release|x64.Build.0 = Release|x64
		{371B9FA9-4C90-4AC6-A123-ACED756D6C77}.Release|x86.ActiveCfg = Release|Win32
		{371B9FA9-4C90-4AC6-A123-ACED756D6C77}.Release|x86.Build.0 = Release|Win32
		{EA13AB51-59C3-478E-82A3-53C9E97FACFE}.Debug|Any CPU.ActiveCfg = Debug|Any CPU
		{EA13AB51-59C3-478E-82A3-53C9E97FACFE}.Debug|Any CPU.Build.0 = Debug|Any CPU
		{EA13AB51-59C3-478E-82A3-53C9E97FACFE}.Debug|ARM.ActiveCfg = Debug|ARM
		{EA13AB51-59C3-478E-82A3-53C9E97FACFE}.Debug|ARM.Build.0 = Debug|ARM
		{EA13AB51-59C3-478E-82A3-53C9E97FACFE}.Debug|Mixed Platforms.ActiveCfg = Debug|x64
		{EA13AB51-59C3-478E-82A3-53C9E97FACFE}.Debug|Mixed Platforms.Build.0 = Debug|x64
		{EA13AB51-59C3-478E-82A3-53C9E97FACFE}.Debug|Win32.ActiveCfg = Debug|x86
		{EA13AB51-59C3-478E-82A3-53C9E97FACFE}.Debug|Win32.Build.0 = Debug|x86
		{EA13AB51-59C3-478E-82A3-53C9E97FACFE}.Debug|x64.ActiveCfg = Debug|x64
		{EA13AB51-59C3-478E-82A3-53C9E97FACFE}.Debug|x64.Build.0 = Debug|x64
		{EA13AB51-59C3-478E-82A3-53C9E97FACFE}.Debug|x86.ActiveCfg = Debug|x86
		{EA13AB51-59C3-478E-82A3-53C9E97FACFE}.Debug|x86.Build.0 = Debug|x86
		{EA13AB51-59C3-478E-82A3-53C9E97FACFE}.Profile|Any CPU.ActiveCfg = Release|Any CPU
		{EA13AB51-59C3-478E-82A3-53C9E97FACFE}.Profile|Any CPU.Build.0 = Release|Any CPU
		{EA13AB51-59C3-478E-82A3-53C9E97FACFE}.Profile|ARM.ActiveCfg = Release|ARM
		{EA13AB51-59C3-478E-82A3-53C9E97FACFE}.Profile|ARM.Build.0 = Release|ARM
		{EA13AB51-59C3-478E-82A3-53C9E97FACFE}.Profile|Mixed Platforms.ActiveCfg = Release|x86
		{EA13AB51-59C3-478E-82A3-53C9E97FACFE}.Profile|Mixed Platforms.Build.0 = Release|x86
		{EA13AB51-59C3-478E-82A3-53C9E97FACFE}.Profile|Win32.ActiveCfg = Release|x86
		{EA13AB51-59C3-478E-82A3-53C9E97FACFE}.Profile|Win32.Build.0 = Release|x86
		{EA13AB51-59C3-478E-82A3-53C9E97FACFE}.Profile|x64.ActiveCfg = Release|x64
		{EA13AB51-59C3-478E-82A3-53C9E97FACFE}.Profile|x64.Build.0 = Release|x64
		{EA13AB51-59C3-478E-82A3-53C9E97FACFE}.Profile|x86.ActiveCfg = Release|x86
		{EA13AB51-59C3-478E-82A3-53C9E97FACFE}.Profile|x86.Build.0 = Release|x86
		{EA13AB51-59C3-478E-82A3-53C9E97FACFE}.Release|Any CPU.ActiveCfg = Release|Any CPU
		{EA13AB51-59C3-478E-82A3-53C9E97FACFE}.Release|Any CPU.Build.0 = Release|Any CPU
		{EA13AB51-59C3-478E-82A3-53C9E97FACFE}.Release|ARM.ActiveCfg = Release|ARM
		{EA13AB51-59C3-478E-82A3-53C9E97FACFE}.Release|ARM.Build.0 = Release|ARM
		{EA13AB51-59C3-478E-82A3-53C9E97FACFE}.Release|Mixed Platforms.ActiveCfg = Release|x86
		{EA13AB51-59C3-478E-82A3-53C9E97FACFE}.Release|Mixed Platforms.Build.0 = Release|x86
		{EA13AB51-59C3-478E-82A3-53C9E97FACFE}.Release|Win32.ActiveCfg = Release|x86
		{EA13AB51-59C3-478E-82A3-53C9E97FACFE}.Release|Win32.Build.0 = Release|x86
		{EA13AB51-59C3-478E-82A3-53C9E97FACFE}.Release|x64.ActiveCfg = Release|x64
		{EA13AB51-59C3-478E-82A3-53C9E97FACFE}.Release|x64.Build.0 = Release|x64
		{EA13AB51-59C3-478E-82A3-53C9E97FACFE}.Release|x86.ActiveCfg = Release|x86
		{EA13AB51-59C3-478E-82A3-53C9E97FACFE}.Release|x86.Build.0 = Release|x86
		{0E151B90-1A17-4EB3-957E-58541B974F22}.Debug|Any CPU.ActiveCfg = Debug|Any CPU
		{0E151B90-1A17-4EB3-957E-58541B974F22}.Debug|Any CPU.Build.0 = Debug|Any CPU
		{0E151B90-1A17-4EB3-957E-58541B974F22}.Debug|ARM.ActiveCfg = Debug|ARM
		{0E151B90-1A17-4EB3-957E-58541B974F22}.Debug|ARM.Build.0 = Debug|ARM
		{0E151B90-1A17-4EB3-957E-58541B974F22}.Debug|Mixed Platforms.ActiveCfg = Debug|x64
		{0E151B90-1A17-4EB3-957E-58541B974F22}.Debug|Win32.ActiveCfg = Debug|x86
		{0E151B90-1A17-4EB3-957E-58541B974F22}.Debug|Win32.Build.0 = Debug|x86
		{0E151B90-1A17-4EB3-957E-58541B974F22}.Debug|x64.ActiveCfg = Debug|x64
		{0E151B90-1A17-4EB3-957E-58541B974F22}.Debug|x64.Build.0 = Debug|x64
		{0E151B90-1A17-4EB3-957E-58541B974F22}.Debug|x86.ActiveCfg = Debug|x86
		{0E151B90-1A17-4EB3-957E-58541B974F22}.Debug|x86.Build.0 = Debug|x86
		{0E151B90-1A17-4EB3-957E-58541B974F22}.Profile|Any CPU.ActiveCfg = Release|Any CPU
		{0E151B90-1A17-4EB3-957E-58541B974F22}.Profile|Any CPU.Build.0 = Release|Any CPU
		{0E151B90-1A17-4EB3-957E-58541B974F22}.Profile|ARM.ActiveCfg = Release|ARM
		{0E151B90-1A17-4EB3-957E-58541B974F22}.Profile|ARM.Build.0 = Release|ARM
		{0E151B90-1A17-4EB3-957E-58541B974F22}.Profile|Mixed Platforms.ActiveCfg = Release|x86
		{0E151B90-1A17-4EB3-957E-58541B974F22}.Profile|Mixed Platforms.Build.0 = Release|x86
		{0E151B90-1A17-4EB3-957E-58541B974F22}.Profile|Win32.ActiveCfg = Release|x86
		{0E151B90-1A17-4EB3-957E-58541B974F22}.Profile|Win32.Build.0 = Release|x86
		{0E151B90-1A17-4EB3-957E-58541B974F22}.Profile|x64.ActiveCfg = Release|x64
		{0E151B90-1A17-4EB3-957E-58541B974F22}.Profile|x64.Build.0 = Release|x64
		{0E151B90-1A17-4EB3-957E-58541B974F22}.Profile|x86.ActiveCfg = Release|x86
		{0E151B90-1A17-4EB3-957E-58541B974F22}.Profile|x86.Build.0 = Release|x86
		{0E151B90-1A17-4EB3-957E-58541B974F22}.Release|Any CPU.ActiveCfg = Release|Any CPU
		{0E151B90-1A17-4EB3-957E-58541B974F22}.Release|Any CPU.Build.0 = Release|Any CPU
		{0E151B90-1A17-4EB3-957E-58541B974F22}.Release|ARM.ActiveCfg = Release|ARM
		{0E151B90-1A17-4EB3-957E-58541B974F22}.Release|ARM.Build.0 = Release|ARM
		{0E151B90-1A17-4EB3-957E-58541B974F22}.Release|Mixed Platforms.ActiveCfg = Release|x86
		{0E151B90-1A17-4EB3-957E-58541B974F22}.Release|Mixed Platforms.Build.0 = Release|x86
		{0E151B90-1A17-4EB3-957E-58541B974F22}.Release|Win32.ActiveCfg = Release|x86
		{0E151B90-1A17-4EB3-957E-58541B974F22}.Release|Win32.Build.0 = Release|x86
		{0E151B90-1A17-4EB3-957E-58541B974F22}.Release|x64.ActiveCfg = Release|x64
		{0E151B90-1A17-4EB3-957E-58541B974F22}.Release|x64.Build.0 = Release|x64
		{0E151B90-1A17-4EB3-957E-58541B974F22}.Release|x86.ActiveCfg = Release|x86
		{0E151B90-1A17-4EB3-957E-58541B974F22}.Release|x86.Build.0 = Release|x86
		{4D2992D0-409E-4E1F-8B75-1657D7124BB3}.Debug|Any CPU.ActiveCfg = Debug|Any CPU
		{4D2992D0-409E-4E1F-8B75-1657D7124BB3}.Debug|Any CPU.Build.0 = Debug|Any CPU
		{4D2992D0-409E-4E1F-8B75-1657D7124BB3}.Debug|ARM.ActiveCfg = Debug|ARM
		{4D2992D0-409E-4E1F-8B75-1657D7124BB3}.Debug|ARM.Build.0 = Debug|ARM
		{4D2992D0-409E-4E1F-8B75-1657D7124BB3}.Debug|Mixed Platforms.ActiveCfg = Debug|x64
		{4D2992D0-409E-4E1F-8B75-1657D7124BB3}.Debug|Mixed Platforms.Build.0 = Debug|x64
		{4D2992D0-409E-4E1F-8B75-1657D7124BB3}.Debug|Win32.ActiveCfg = Debug|x86
		{4D2992D0-409E-4E1F-8B75-1657D7124BB3}.Debug|Win32.Build.0 = Debug|x86
		{4D2992D0-409E-4E1F-8B75-1657D7124BB3}.Debug|x64.ActiveCfg = Debug|x64
		{4D2992D0-409E-4E1F-8B75-1657D7124BB3}.Debug|x64.Build.0 = Debug|x64
		{4D2992D0-409E-4E1F-8B75-1657D7124BB3}.Debug|x86.ActiveCfg = Debug|x86
		{4D2992D0-409E-4E1F-8B75-1657D7124BB3}.Debug|x86.Build.0 = Debug|x86
		{4D2992D0-409E-4E1F-8B75-1657D7124BB3}.Profile|Any CPU.ActiveCfg = Release|Any CPU
		{4D2992D0-409E-4E1F-8B75-1657D7124BB3}.Profile|Any CPU.Build.0 = Release|Any CPU
		{4D2992D0-409E-4E1F-8B75-1657D7124BB3}.Profile|ARM.ActiveCfg = Release|ARM
		{4D2992D0-409E-4E1F-8B75-1657D7124BB3}.Profile|ARM.Build.0 = Release|ARM
		{4D2992D0-409E-4E1F-8B75-1657D7124BB3}.Profile|Mixed Platforms.ActiveCfg = Release|x86
		{4D2992D0-409E-4E1F-8B75-1657D7124BB3}.Profile|Mixed Platforms.Build.0 = Release|x86
		{4D2992D0-409E-4E1F-8B75-1657D7124BB3}.Profile|Win32.ActiveCfg = Release|x86
		{4D2992D0-409E-4E1F-8B75-1657D7124BB3}.Profile|Win32.Build.0 = Release|x86
		{4D2992D0-409E-4E1F-8B75-1657D7124BB3}.Profile|x64.ActiveCfg = Release|x64
		{4D2992D0-409E-4E1F-8B75-1657D7124BB3}.Profile|x64.Build.0 = Release|x64
		{4D2992D0-409E-4E1F-8B75-1657D7124BB3}.Profile|x86.ActiveCfg = Release|x86
		{4D2992D0-409E-4E1F-8B75-1657D7124BB3}.Profile|x86.Build.0 = Release|x86
		{4D2992D0-409E-4E1F-8B75-1657D7124BB3}.Release|Any CPU.ActiveCfg = Release|Any CPU
		{4D2992D0-409E-4E1F-8B75-1657D7124BB3}.Release|Any CPU.Build.0 = Release|Any CPU
		{4D2992D0-409E-4E1F-8B75-1657D7124BB3}.Release|ARM.ActiveCfg = Release|ARM
		{4D2992D0-409E-4E1F-8B75-1657D7124BB3}.Release|ARM.Build.0 = Release|ARM
		{4D2992D0-409E-4E1F-8B75-1657D7124BB3}.Release|Mixed Platforms.ActiveCfg = Release|x86
		{4D2992D0-409E-4E1F-8B75-1657D7124BB3}.Release|Mixed Platforms.Build.0 = Release|x86
		{4D2992D0-409E-4E1F-8B75-1657D7124BB3}.Release|Win32.ActiveCfg = Release|x86
		{4D2992D0-409E-4E1F-8B75-1657D7124BB3}.Release|Win32.Build.0 = Release|x86
		{4D2992D0-409E-4E1F-8B75-1657D7124BB3}.Release|x64.ActiveCfg = Release|x64
		{4D2992D0-409E-4E1F-8B75-1657D7124BB3}.Release|x64.Build.0 = Release|x64
		{4D2992D0-409E-4E1F-8B75-1657D7124BB3}.Release|x86.ActiveCfg = Release|x86
		{4D2992D0-409E-4E1F-8B75-1657D7124BB3}.Release|x86.Build.0 = Release|x86
		{BB9E4527-815E-4B15-9F00-673E8CDA0072}.Debug|Any CPU.ActiveCfg = Debug|Any CPU
		{BB9E4527-815E-4B15-9F00-673E8CDA0072}.Debug|Any CPU.Build.0 = Debug|Any CPU
		{BB9E4527-815E-4B15-9F00-673E8CDA0072}.Debug|ARM.ActiveCfg = Debug|ARM
		{BB9E4527-815E-4B15-9F00-673E8CDA0072}.Debug|ARM.Build.0 = Debug|ARM
		{BB9E4527-815E-4B15-9F00-673E8CDA0072}.Debug|Mixed Platforms.ActiveCfg = Debug|x64
		{BB9E4527-815E-4B15-9F00-673E8CDA0072}.Debug|Mixed Platforms.Build.0 = Debug|x64
		{BB9E4527-815E-4B15-9F00-673E8CDA0072}.Debug|Win32.ActiveCfg = Debug|x86
		{BB9E4527-815E-4B15-9F00-673E8CDA0072}.Debug|Win32.Build.0 = Debug|x86
		{BB9E4527-815E-4B15-9F00-673E8CDA0072}.Debug|x64.ActiveCfg = Debug|x64
		{BB9E4527-815E-4B15-9F00-673E8CDA0072}.Debug|x64.Build.0 = Debug|x64
		{BB9E4527-815E-4B15-9F00-673E8CDA0072}.Debug|x86.ActiveCfg = Debug|x86
		{BB9E4527-815E-4B15-9F00-673E8CDA0072}.Debug|x86.Build.0 = Debug|x86
		{BB9E4527-815E-4B15-9F00-673E8CDA0072}.Profile|Any CPU.ActiveCfg = Release|Any CPU
		{BB9E4527-815E-4B15-9F00-673E8CDA0072}.Profile|Any CPU.Build.0 = Release|Any CPU
		{BB9E4527-815E-4B15-9F00-673E8CDA0072}.Profile|ARM.ActiveCfg = Release|ARM
		{BB9E4527-815E-4B15-9F00-673E8CDA0072}.Profile|ARM.Build.0 = Release|ARM
		{BB9E4527-815E-4B15-9F00-673E8CDA0072}.Profile|Mixed Platforms.ActiveCfg = Release|x86
		{BB9E4527-815E-4B15-9F00-673E8CDA0072}.Profile|Mixed Platforms.Build.0 = Release|x86
		{BB9E4527-815E-4B15-9F00-673E8CDA0072}.Profile|Win32.ActiveCfg = Release|x86
		{BB9E4527-815E-4B15-9F00-673E8CDA0072}.Profile|Win32.Build.0 = Release|x86
		{BB9E4527-815E-4B15-9F00-673E8CDA0072}.Profile|x64.ActiveCfg = Release|x64
		{BB9E4527-815E-4B15-9F00-673E8CDA0072}.Profile|x64.Build.0 = Release|x64
		{BB9E4527-815E-4B15-9F00-673E8CDA0072}.Profile|x86.ActiveCfg = Release|x86
		{BB9E4527-815E-4B15-9F00-673E8CDA0072}.Profile|x86.Build.0 = Release|x86
		{BB9E4527-815E-4B15-9F00-673E8CDA0072}.Release|Any CPU.ActiveCfg = Release|Any CPU
		{BB9E4527-815E-4B15-9F00-673E8CDA0072}.Release|Any CPU.Build.0 = Release|Any CPU
		{BB9E4527-815E-4B15-9F00-673E8CDA0072}.Release|ARM.ActiveCfg = Release|ARM
		{BB9E4527-815E-4B15-9F00-673E8CDA0072}.Release|ARM.Build.0 = Release|ARM
		{BB9E4527-815E-4B15-9F00-673E8CDA0072}.Release|Mixed Platforms.ActiveCfg = Release|x86
		{BB9E4527-815E-4B15-9F00-673E8CDA0072}.Release|Mixed Platforms.Build.0 = Release|x86
		{BB9E4527-815E-4B15-9F00-673E8CDA0072}.Release|Win32.ActiveCfg = Release|x86
		{BB9E4527-815E-4B15-9F00-673E8CDA0072}.Release|Win32.Build.0 = Release|x86
		{BB9E4527-815E-4B15-9F00-673E8CDA0072}.Release|x64.ActiveCfg = Release|x64
		{BB9E4527-815E-4B15-9F00-673E8CDA0072}.Release|x64.Build.0 = Release|x64
		{BB9E4527-815E-4B15-9F00-673E8CDA0072}.Release|x86.ActiveCfg = Release|x86
		{BB9E4527-815E-4B15-9F00-673E8CDA0072}.Release|x86.Build.0 = Release|x86
		{5A95BF66-E15C-498B-8649-CE74A3A25957}.Debug|Any CPU.ActiveCfg = Debug|Any CPU
		{5A95BF66-E15C-498B-8649-CE74A3A25957}.Debug|Any CPU.Build.0 = Debug|Any CPU
		{5A95BF66-E15C-498B-8649-CE74A3A25957}.Debug|ARM.ActiveCfg = Debug|ARM
		{5A95BF66-E15C-498B-8649-CE74A3A25957}.Debug|ARM.Build.0 = Debug|ARM
		{5A95BF66-E15C-498B-8649-CE74A3A25957}.Debug|Mixed Platforms.ActiveCfg = Debug|x64
		{5A95BF66-E15C-498B-8649-CE74A3A25957}.Debug|Mixed Platforms.Build.0 = Debug|x64
		{5A95BF66-E15C-498B-8649-CE74A3A25957}.Debug|Win32.ActiveCfg = Debug|x86
		{5A95BF66-E15C-498B-8649-CE74A3A25957}.Debug|Win32.Build.0 = Debug|x86
		{5A95BF66-E15C-498B-8649-CE74A3A25957}.Debug|x64.ActiveCfg = Debug|x64
		{5A95BF66-E15C-498B-8649-CE74A3A25957}.Debug|x64.Build.0 = Debug|x64
		{5A95BF66-E15C-498B-8649-CE74A3A25957}.Debug|x86.ActiveCfg = Debug|x86
		{5A95BF66-E15C-498B-8649-CE74A3A25957}.Debug|x86.Build.0 = Debug|x86
		{5A95BF66-E15C-498B-8649-CE74A3A25957}.Profile|Any CPU.ActiveCfg = Release|Any CPU
		{5A95BF66-E15C-498B-8649-CE74A3A25957}.Profile|Any CPU.Build.0 = Release|Any CPU
		{5A95BF66-E15C-498B-8649-CE74A3A25957}.Profile|ARM.ActiveCfg = Release|ARM
		{5A95BF66-E15C-498B-8649-CE74A3A25957}.Profile|ARM.Build.0 = Release|ARM
		{5A95BF66-E15C-498B-8649-CE74A3A25957}.Profile|Mixed Platforms.ActiveCfg = Release|x86
		{5A95BF66-E15C-498B-8649-CE74A3A25957}.Profile|Mixed Platforms.Build.0 = Release|x86
		{5A95BF66-E15C-498B-8649-CE74A3A25957}.Profile|Win32.ActiveCfg = Release|x86
		{5A95BF66-E15C-498B-8649-CE74A3A25957}.Profile|Win32.Build.0 = Release|x86
		{5A95BF66-E15C-498B-8649-CE74A3A25957}.Profile|x64.ActiveCfg = Release|x64
		{5A95BF66-E15C-498B-8649-CE74A3A25957}.Profile|x64.Build.0 = Release|x64
		{5A95BF66-E15C-498B-8649-CE74A3A25957}.Profile|x86.ActiveCfg = Release|x86
		{5A95BF66-E15C-498B-8649-CE74A3A25957}.Profile|x86.Build.0 = Release|x86
		{5A95BF66-E15C-498B-8649-CE74A3A25957}.Release|Any CPU.ActiveCfg = Release|Any CPU
		{5A95BF66-E15C-498B-8649-CE74A3A25957}.Release|Any CPU.Build.0 = Release|Any CPU
		{5A95BF66-E15C-498B-8649-CE74A3A25957}.Release|ARM.ActiveCfg = Release|ARM
		{5A95BF66-E15C-498B-8649-CE74A3A25957}.Release|ARM.Build.0 = Release|ARM
		{5A95BF66-E15C-498B-8649-CE74A3A25957}.Release|Mixed Platforms.ActiveCfg = Release|x86
		{5A95BF66-E15C-498B-8649-CE74A3A25957}.Release|Mixed Platforms.Build.0 = Release|x86
		{5A95BF66-E15C-498B-8649-CE74A3A25957}.Release|Win32.ActiveCfg = Release|x86
		{5A95BF66-E15C-498B-8649-CE74A3A25957}.Release|Win32.Build.0 = Release|x86
		{5A95BF66-E15C-498B-8649-CE74A3A25957}.Release|x64.ActiveCfg = Release|x64
		{5A95BF66-E15C-498B-8649-CE74A3A25957}.Release|x64.Build.0 = Release|x64
		{5A95BF66-E15C-498B-8649-CE74A3A25957}.Release|x86.ActiveCfg = Release|x86
		{5A95BF66-E15C-498B-8649-CE74A3A25957}.Release|x86.Build.0 = Release|x86
		{9437B351-7B81-46BD-9868-56D228BDBE4B}.Debug|Any CPU.ActiveCfg = Debug|Any CPU
		{9437B351-7B81-46BD-9868-56D228BDBE4B}.Debug|Any CPU.Build.0 = Debug|Any CPU
		{9437B351-7B81-46BD-9868-56D228BDBE4B}.Debug|ARM.ActiveCfg = Debug|ARM
		{9437B351-7B81-46BD-9868-56D228BDBE4B}.Debug|ARM.Build.0 = Debug|ARM
		{9437B351-7B81-46BD-9868-56D228BDBE4B}.Debug|Mixed Platforms.ActiveCfg = Debug|x64
		{9437B351-7B81-46BD-9868-56D228BDBE4B}.Debug|Mixed Platforms.Build.0 = Debug|x64
		{9437B351-7B81-46BD-9868-56D228BDBE4B}.Debug|Win32.ActiveCfg = Debug|x86
		{9437B351-7B81-46BD-9868-56D228BDBE4B}.Debug|Win32.Build.0 = Debug|x86
		{9437B351-7B81-46BD-9868-56D228BDBE4B}.Debug|x64.ActiveCfg = Debug|x64
		{9437B351-7B81-46BD-9868-56D228BDBE4B}.Debug|x64.Build.0 = Debug|x64
		{9437B351-7B81-46BD-9868-56D228BDBE4B}.Debug|x86.ActiveCfg = Debug|x86
		{9437B351-7B81-46BD-9868-56D228BDBE4B}.Debug|x86.Build.0 = Debug|x86
		{9437B351-7B81-46BD-9868-56D228BDBE4B}.Profile|Any CPU.ActiveCfg = Release|Any CPU
		{9437B351-7B81-46BD-9868-56D228BDBE4B}.Profile|Any CPU.Build.0 = Release|Any CPU
		{9437B351-7B81-46BD-9868-56D228BDBE4B}.Profile|ARM.ActiveCfg = Release|ARM
		{9437B351-7B81-46BD-9868-56D228BDBE4B}.Profile|ARM.Build.0 = Release|ARM
		{9437B351-7B81-46BD-9868-56D228BDBE4B}.Profile|Mixed Platforms.ActiveCfg = Release|x86
		{9437B351-7B81-46BD-9868-56D228BDBE4B}.Profile|Mixed Platforms.Build.0 = Release|x86
		{9437B351-7B81-46BD-9868-56D228BDBE4B}.Profile|Win32.ActiveCfg = Release|x86
		{9437B351-7B81-46BD-9868-56D228BDBE4B}.Profile|Win32.Build.0 = Release|x86
		{9437B351-7B81-46BD-9868-56D228BDBE4B}.Profile|x64.ActiveCfg = Release|x64
		{9437B351-7B81-46BD-9868-56D228BDBE4B}.Profile|x64.Build.0 = Release|x64
		{9437B351-7B81-46BD-9868-56D228BDBE4B}.Profile|x86.ActiveCfg = Release|x86
		{9437B351-7B81-46BD-9868-56D228BDBE4B}.Profile|x86.Build.0 = Release|x86
		{9437B351-7B81-46BD-9868-56D228BDBE4B}.Release|Any CPU.ActiveCfg = Release|Any CPU
		{9437B351-7B81-46BD-9868-56D228BDBE4B}.Release|Any CPU.Build.0 = Release|Any CPU
		{9437B351-7B81-46BD-9868-56D228BDBE4B}.Release|ARM.ActiveCfg = Release|ARM
		{9437B351-7B81-46BD-9868-56D228BDBE4B}.Release|ARM.Build.0 = Release|ARM
		{9437B351-7B81-46BD-9868-56D228BDBE4B}.Release|Mixed Platforms.ActiveCfg = Release|x86
		{9437B351-7B81-46BD-9868-56D228BDBE4B}.Release|Mixed Platforms.Build.0 = Release|x86
		{9437B351-7B81-46BD-9868-56D228BDBE4B}.Release|Win32.ActiveCfg = Release|x86
		{9437B351-7B81-46BD-9868-56D228BDBE4B}.Release|Win32.Build.0 = Release|x86
		{9437B351-7B81-46BD-9868-56D228BDBE4B}.Release|x64.ActiveCfg = Release|x64
		{9437B351-7B81-46BD-9868-56D228BDBE4B}.Release|x64.Build.0 = Release|x64
		{9437B351-7B81-46BD-9868-56D228BDBE4B}.Release|x86.ActiveCfg = Release|x86
		{9437B351-7B81-46BD-9868-56D228BDBE4B}.Release|x86.Build.0 = Release|x86
	EndGlobalSection
	GlobalSection(SolutionProperties) = preSolution
		HideSolutionNode = FALSE
	EndGlobalSection
EndGlobal
